
Microsoft Visual Studio Solution File, Format Version 12.00
# Visual Studio 15
VisualStudioVersion = 15.0.26430.16
MinimumVisualStudioVersion = 10.0.40219.1
Project("{FAE04EC0-301F-11D3-BF4B-00C04F79EFBC}") = "MVVMaker", "MVVMaker\MVVMaker.csproj", "{00670D32-BCE1-4850-B68E-067ABF659EC2}"
EndProject
Project("{FAE04EC0-301F-11D3-BF4B-00C04F79EFBC}") = "MostValuableVrameMoerk", "MostValuableVrameMoerk\MostValuableVrameMoerk.csproj", "{641ED5BD-F3BE-4378-AA83-698D019F70FE}"
EndProject
Global
	GlobalSection(SolutionConfigurationPlatforms) = preSolution
		Debug|Any CPU = Debug|Any CPU
		Release|Any CPU = Release|Any CPU
	EndGlobalSection
	GlobalSection(ProjectConfigurationPlatforms) = postSolution
		{00670D32-BCE1-4850-B68E-067ABF659EC2}.Debug|Any CPU.ActiveCfg = Debug|Any CPU
		{00670D32-BCE1-4850-B68E-067ABF659EC2}.Debug|Any CPU.Build.0 = Debug|Any CPU
		{00670D32-BCE1-4850-B68E-067ABF659EC2}.Release|Any CPU.ActiveCfg = Release|Any CPU
		{00670D32-BCE1-4850-B68E-067ABF659EC2}.Release|Any CPU.Build.0 = Release|Any CPU
		{641ED5BD-F3BE-4378-AA83-698D019F70FE}.Debug|Any CPU.ActiveCfg = Debug|Any CPU
		{641ED5BD-F3BE-4378-AA83-698D019F70FE}.Debug|Any CPU.Build.0 = Debug|Any CPU
		{641ED5BD-F3BE-4378-AA83-698D019F70FE}.Release|Any CPU.ActiveCfg = Release|Any CPU
		{641ED5BD-F3BE-4378-AA83-698D019F70FE}.Release|Any CPU.Build.0 = Release|Any CPU
	EndGlobalSection
	GlobalSection(SolutionProperties) = preSolution
		HideSolutionNode = FALSE
	EndGlobalSection
EndGlobal
